
Microsoft Visual Studio Solution File, Format Version 10.00
# Visual Studio 2008
Project("{F184B08F-C81C-45F6-A57F-5ABD9991F28F}") = "Calculator8", "Calculator8\Calculator8.vbproj", "{21480F2D-78B9-4E9A-9BD9-688D6BA6924C}"
EndProject
Global
	GlobalSection(SolutionConfigurationPlatforms) = preSolution
		Debug|Any CPU = Debug|Any CPU
		Release|Any CPU = Release|Any CPU
	EndGlobalSection
	GlobalSection(ProjectConfigurationPlatforms) = postSolution
		{21480F2D-78B9-4E9A-9BD9-688D6BA6924C}.Debug|Any CPU.ActiveCfg = Debug|Any CPU
		{21480F2D-78B9-4E9A-9BD9-688D6BA6924C}.Debug|Any CPU.Build.0 = Debug|Any CPU
		{21480F2D-78B9-4E9A-9BD9-688D6BA6924C}.Release|Any CPU.ActiveCfg = Release|Any CPU
		{21480F2D-78B9-4E9A-9BD9-688D6BA6924C}.Release|Any CPU.Build.0 = Release|Any CPU
	EndGlobalSection
	GlobalSection(SolutionProperties) = preSolution
		HideSolutionNode = FALSE
	EndGlobalSection
EndGlobal
